
Microsoft Visual Studio Solution File, Format Version 12.00
# Visual Studio Version 16
VisualStudioVersion = 16.0.33529.622
MinimumVisualStudioVersion = 10.0.40219.1
Project("{FAE04EC0-301F-11D3-BF4B-00C04F79EFBC}") = "Final_assign", "Final_assign\Final_assign.csproj", "{A56C07A4-1902-40EF-9DA2-F9062F8BCBD7}"
EndProject
Global
	GlobalSection(SolutionConfigurationPlatforms) = preSolution
		Debug|Any CPU = Debug|Any CPU
		Release|Any CPU = Release|Any CPU
	EndGlobalSection
	GlobalSection(ProjectConfigurationPlatforms) = postSolution
		{A56C07A4-1902-40EF-9DA2-F9062F8BCBD7}.Debug|Any CPU.ActiveCfg = Debug|Any CPU
		{A56C07A4-1902-40EF-9DA2-F9062F8BCBD7}.Debug|Any CPU.Build.0 = Debug|Any CPU
		{A56C07A4-1902-40EF-9DA2-F9062F8BCBD7}.Release|Any CPU.ActiveCfg = Release|Any CPU
		{A56C07A4-1902-40EF-9DA2-F9062F8BCBD7}.Release|Any CPU.Build.0 = Release|Any CPU
	EndGlobalSection
	GlobalSection(SolutionProperties) = preSolution
		HideSolutionNode = FALSE
	EndGlobalSection
	GlobalSection(ExtensibilityGlobals) = postSolution
		SolutionGuid = {936EF3B6-2441-4171-9377-D2CFF1EE8F1C}
	EndGlobalSection
EndGlobal
